// !$*UTF8*$!
{
	archiveVersion = 1;
	classes = {
	};
	objectVersion = 46;
	objects = {

/* Begin PBXBuildFile section */
		3D9E24031F97C5E600BE146C /* AppDelegate.swift in Sources */ = {isa = PBXBuildFile; fileRef = 3D9E24021F97C5E600BE146C /* AppDelegate.swift */; };
		3D9E24051F97C5E600BE146C /* ViewController.swift in Sources */ = {isa = PBXBuildFile; fileRef = 3D9E24041F97C5E600BE146C /* ViewController.swift */; };
		3D9E24081F97C5E600BE146C /* Main.storyboard in Resources */ = {isa = PBXBuildFile; fileRef = 3D9E24061F97C5E600BE146C /* Main.storyboard */; };
		3D9E240A1F97C5E600BE146C /* Assets.xcassets in Resources */ = {isa = PBXBuildFile; fileRef = 3D9E24091F97C5E600BE146C /* Assets.xcassets */; };
		3D9E240D1F97C5E600BE146C /* LaunchScreen.storyboard in Resources */ = {isa = PBXBuildFile; fileRef = 3D9E240B1F97C5E600BE146C /* LaunchScreen.storyboard */; };
		3D9E24181F97C5E600BE146C /* ApptcomTests.swift in Sources */ = {isa = PBXBuildFile; fileRef = 3D9E24171F97C5E600BE146C /* ApptcomTests.swift */; };
/* End PBXBuildFile section */

/* Begin PBXContainerItemProxy section */
		3D9E24141F97C5E600BE146C /* PBXContainerItemProxy */ = {
			isa = PBXContainerItemProxy;
			containerPortal = 3D9E23F71F97C5E600BE146C /* Project object */;
			proxyType = 1;
			remoteGlobalIDString = 3D9E23FE1F97C5E600BE146C;
			remoteInfo = Apptcom;
		};
/* End PBXContainerItemProxy section */

/* Begin PBXFileReference section */
		3D9E23FF1F97C5E600BE146C /* Apptcom.app */ = {isa = PBXFileReference; explicitFileType = wrapper.application; includeInIndex = 0; path = Apptcom.app; sourceTree = BUILT_PRODUCTS_DIR; };
		3D9E24021F97C5E600BE146C /* AppDelegate.swift */ = {isa = PBXFileReference; lastKnownFileType = sourcecode.swift; path = AppDelegate.swift; sourceTree = "<group>"; };
		3D9E24041F97C5E600BE146C /* ViewController.swift */ = {isa = PBXFileReference; lastKnownFileType = sourcecode.swift; path = ViewController.swift; sourceTree = "<group>"; };
		3D9E24071F97C5E600BE146C /* Base */ = {isa = PBXFileReference; lastKnownFileType = file.storyboard; name = Base; path = Base.lproj/Main.storyboard; sourceTree = "<group>"; };
		3D9E24091F97C5E600BE146C /* Assets.xcassets */ = {isa = PBXFileReference; lastKnownFileType = folder.assetcatalog; path = Assets.xcassets; sourceTree = "<group>"; };
		3D9E240C1F97C5E600BE146C /* Base */ = {isa = PBXFileReference; lastKnownFileType = file.storyboard; name = Base; path = Base.lproj/LaunchScreen.storyboard; sourceTree = "<group>"; };
		3D9E240E1F97C5E600BE146C /* Info.plist */ = {isa = PBXFileReference; lastKnownFileType = text.plist.xml; path = Info.plist; sourceTree = "<group>"; };
		3D9E24131F97C5E600BE146C /* ApptcomTests.xctest */ = {isa = PBXFileReference; explicitFileType = wrapper.cfbundle; includeInIndex = 0; path = ApptcomTests.xctest; sourceTree = BUILT_PRODUCTS_DIR; };
		3D9E24171F97C5E600BE146C /* ApptcomTests.swift */ = {isa = PBXFileReference; lastKnownFileType = sourcecode.swift; path = ApptcomTests.swift; sourceTree = "<group>"; };
		3D9E24191F97C5E600BE146C /* Info.plist */ = {isa = PBXFileReference; lastKnownFileType = text.plist.xml; path = Info.plist; sourceTree = "<group>"; };
/* End PBXFileReference section */

/* Begin PBXFrameworksBuildPhase section */
		3D9E23FC1F97C5E600BE146C /* Frameworks */ = {
			isa = PBXFrameworksBuildPhase;
			buildActionMask = 2147483647;
			files = (
			);
			runOnlyForDeploymentPostprocessing = 0;
		};
		3D9E24101F97C5E600BE146C /* Frameworks */ = {
			isa = PBXFrameworksBuildPhase;
			buildActionMask = 2147483647;
			files = (
			);
			runOnlyForDeploymentPostprocessing = 0;
		};
/* End PBXFrameworksBuildPhase section */

/* Begin PBXGroup section */
		3D9E23F61F97C5E600BE146C = {
			isa = PBXGroup;
			children = (
				3D9E24011F97C5E600BE146C /* Apptcom */,
				3D9E24161F97C5E600BE146C /* ApptcomTests */,
				3D9E24001F97C5E600BE146C /* Products */,
			);
			sourceTree = "<group>";
		};
		3D9E24001F97C5E600BE146C /* Products */ = {
			isa = PBXGroup;
			children = (
				3D9E23FF1F97C5E600BE146C /* Apptcom.app */,
				3D9E24131F97C5E600BE146C /* ApptcomTests.xctest */,
			);
			name = Products;
			sourceTree = "<group>";
		};
		3D9E24011F97C5E600BE146C /* Apptcom */ = {
			isa = PBXGroup;
			children = (
				3D9E24021F97C5E600BE146C /* AppDelegate.swift */,
				3D9E24041F97C5E600BE146C /* ViewController.swift */,
				3D9E24061F97C5E600BE146C /* Main.storyboard */,
				3D9E24091F97C5E600BE146C /* Assets.xcassets */,
				3D9E240B1F97C5E600BE146C /* LaunchScreen.storyboard */,
				3D9E240E1F97C5E600BE146C /* Info.plist */,
			);
			path = Apptcom;
			sourceTree = "<group>";
		};
		3D9E24161F97C5E600BE146C /* ApptcomTests */ = {
			isa = PBXGroup;
			children = (
				3D9E24171F97C5E600BE146C /* ApptcomTests.swift */,
				3D9E24191F97C5E600BE146C /* Info.plist */,
			);
			path = ApptcomTests;
			sourceTree = "<group>";
		};
/* End PBXGroup section */

/* Begin PBXNativeTarget section */
		3D9E23FE1F97C5E600BE146C /* Apptcom */ = {
			isa = PBXNativeTarget;
			buildConfigurationList = 3D9E241C1F97C5E600BE146C /* Build configuration list for PBXNativeTarget "Apptcom" */;
			buildPhases = (
				3D9E23FB1F97C5E600BE146C /* Sources */,
				3D9E23FC1F97C5E600BE146C /* Frameworks */,
				3D9E23FD1F97C5E600BE146C /* Resources */,
			);
			buildRules = (
			);
			dependencies = (
			);
			name = Apptcom;
			productName = Apptcom;
			productReference = 3D9E23FF1F97C5E600BE146C /* Apptcom.app */;
			productType = "com.apple.product-type.application";
		};
		3D9E24121F97C5E600BE146C /* ApptcomTests */ = {
			isa = PBXNativeTarget;
			buildConfigurationList = 3D9E241F1F97C5E600BE146C /* Build configuration list for PBXNativeTarget "ApptcomTests" */;
			buildPhases = (
				3D9E240F1F97C5E600BE146C /* Sources */,
				3D9E24101F97C5E600BE146C /* Frameworks */,
				3D9E24111F97C5E600BE146C /* Resources */,
			);
			buildRules = (
			);
			dependencies = (
				3D9E24151F97C5E600BE146C /* PBXTargetDependency */,
			);
			name = ApptcomTests;
			productName = ApptcomTests;
			productReference = 3D9E24131F97C5E600BE146C /* ApptcomTests.xctest */;
			productType = "com.apple.product-type.bundle.unit-test";
		};
/* End PBXNativeTarget section */

/* Begin PBXProject section */
		3D9E23F71F97C5E600BE146C /* Project object */ = {
			isa = PBXProject;
			attributes = {
				LastSwiftUpdateCheck = 0830;
				LastUpgradeCheck = 0830;
				ORGANIZATIONNAME = BinaryBoy;
				TargetAttributes = {
					3D9E23FE1F97C5E600BE146C = {
						CreatedOnToolsVersion = 8.3.3;
						DevelopmentTeam = 9529KY63CR;
						ProvisioningStyle = Automatic;
					};
					3D9E24121F97C5E600BE146C = {
						CreatedOnToolsVersion = 8.3.3;
						DevelopmentTeam = 9529KY63CR;
						ProvisioningStyle = Automatic;
						TestTargetID = 3D9E23FE1F97C5E600BE146C;
					};
				};
			};
			buildConfigurationList = 3D9E23FA1F97C5E600BE146C /* Build configuration list for PBXProject "Apptcom" */;
			compatibilityVersion = "Xcode 3.2";
			developmentRegion = English;
			hasScannedForEncodings = 0;
			knownRegions = (
				en,
				Base,
			);
			mainGroup = 3D9E23F61F97C5E600BE146C;
			productRefGroup = 3D9E24001F97C5E600BE146C /* Products */;
			projectDirPath = "";
			projectRoot = "";
			targets = (
				3D9E23FE1F97C5E600BE146C /* Apptcom */,
				3D9E24121F97C5E600BE146C /* ApptcomTests */,
			);
		};
/* End PBXProject section */

/* Begin PBXResourcesBuildPhase section */
		3D9E23FD1F97C5E600BE146C /* Resources */ = {
			isa = PBXResourcesBuildPhase;
			buildActionMask = 2147483647;
			files = (
				3D9E240D1F97C5E600BE146C /* LaunchScreen.storyboard in Resources */,
				3D9E240A1F97C5E600BE146C /* Assets.xcassets in Resources */,
				3D9E24081F97C5E600BE146C /* Main.storyboard in Resources */,
			);
			runOnlyForDeploymentPostprocessing = 0;
		};
		3D9E24111F97C5E600BE146C /* Resources */ = {
			isa = PBXResourcesBuildPhase;
			buildActionMask = 2147483647;
			files = (
			);
			runOnlyForDeploymentPostprocessing = 0;
		};
/* End PBXResourcesBuildPhase section */

/* Begin PBXSourcesBuildPhase section */
		3D9E23FB1F97C5E600BE146C /* Sources */ = {
			isa = PBXSourcesBuildPhase;
			buildActionMask = 2147483647;
			files = (
				3D9E24051F97C5E600BE146C /* ViewController.swift in Sources */,
				3D9E24031F97C5E600BE146C /* AppDelegate.swift in Sources */,
			);
			runOnlyForDeploymentPostprocessing = 0;
		};
		3D9E240F1F97C5E600BE146C /* Sources */ = {
			isa = PBXSourcesBuildPhase;
			buildActionMask = 2147483647;
			files = (
				3D9E24181F97C5E600BE146C /* ApptcomTests.swift in Sources */,
			);
			runOnlyForDeploymentPostprocessing = 0;
		};
/* End PBXSourcesBuildPhase section */

/* Begin PBXTargetDependency section */
		3D9E24151F97C5E600BE146C /* PBXTargetDependency */ = {
			isa = PBXTargetDependency;
			target = 3D9E23FE1F97C5E600BE146C /* Apptcom */;
			targetProxy = 3D9E24141F97C5E600BE146C /* PBXContainerItemProxy */;
		};
/* End PBXTargetDependency section */

/* Begin PBXVariantGroup section */
		3D9E24061F97C5E600BE146C /* Main.storyboard */ = {
			isa = PBXVariantGroup;
			children = (
				3D9E24071F97C5E600BE146C /* Base */,
			);
			name = Main.storyboard;
			sourceTree = "<group>";
		};
		3D9E240B1F97C5E600BE146C /* LaunchScreen.storyboard */ = {
			isa = PBXVariantGroup;
			children = (
				3D9E240C1F97C5E600BE146C /* Base */,
			);
			name = LaunchScreen.storyboard;
			sourceTree = "<group>";
		};
/* End PBXVariantGroup section */

/* Begin XCBuildConfiguration section */
		3D9E241A1F97C5E600BE146C /* Debug */ = {
			isa = XCBuildConfiguration;
			buildSettings = {
				ALWAYS_SEARCH_USER_PATHS = NO;
				CLANG_ANALYZER_NONNULL = YES;
				CLANG_ANALYZER_NUMBER_OBJECT_CONVERSION = YES_AGGRESSIVE;
				CLANG_CXX_LANGUAGE_STANDARD = "gnu++0x";
				CLANG_CXX_LIBRARY = "libc++";
				CLANG_ENABLE_MODULES = YES;
				CLANG_ENABLE_OBJC_ARC = YES;
				CLANG_WARN_BOOL_CONVERSION = YES;
				CLANG_WARN_CONSTANT_CONVERSION = YES;
				CLANG_WARN_DIRECT_OBJC_ISA_USAGE = YES_ERROR;
				CLANG_WARN_DOCUMENTATION_COMMENTS = YES;
				CLANG_WARN_EMPTY_BODY = YES;
				CLANG_WARN_ENUM_CONVERSION = YES;
				CLANG_WARN_INFINITE_RECURSION = YES;
				CLANG_WARN_INT_CONVERSION = YES;
				CLANG_WARN_OBJC_ROOT_CLASS = YES_ERROR;
				CLANG_WARN_SUSPICIOUS_MOVE = YES;
				CLANG_WARN_UNREACHABLE_CODE = YES;
				CLANG_WARN__DUPLICATE_METHOD_MATCH = YES;
				"CODE_SIGN_IDENTITY[sdk=iphoneos*]" = "iPhone Developer";
				COPY_PHASE_STRIP = NO;
				DEBUG_INFORMATION_FORMAT = dwarf;
				ENABLE_STRICT_OBJC_MSGSEND = YES;
				ENABLE_TESTABILITY = YES;
				GCC_C_LANGUAGE_STANDARD = gnu99;
				GCC_DYNAMIC_NO_PIC = NO;
				GCC_NO_COMMON_BLOCKS = YES;
				GCC_OPTIMIZATION_LEVEL = 0;
				GCC_PREPROCESSOR_DEFINITIONS = (
					"DEBUG=1",
					"$(inherited)",
				);
				GCC_WARN_64_TO_32_BIT_CONVERSION = YES;
				GCC_WARN_ABOUT_RETURN_TYPE = YES_ERROR;
				GCC_WARN_UNDECLARED_SELECTOR = YES;
				GCC_WARN_UNINITIALIZED_AUTOS = YES_AGGRESSIVE;
				GCC_WARN_UNUSED_FUNCTION = YES;
				GCC_WARN_UNUSED_VARIABLE = YES;
				IPHONEOS_DEPLOYMENT_TARGET = 10.3;
				MTL_ENABLE_DEBUG_INFO = YES;
				ONLY_ACTIVE_ARCH = YES;
				SDKROOT = iphoneos;
				SWIFT_ACTIVE_COMPILATION_CONDITIONS = DEBUG;
				SWIFT_OPTIMIZATION_LEVEL = "-Onone";
			};
			name = Debug;
		};
		3D9E241B1F97C5E600BE146C /* Release */ = {
			isa = XCBuildConfiguration;
			buildSettings = {
				ALWAYS_SEARCH_USER_PATHS = NO;
				CLANG_ANALYZER_NONNULL = YES;
				CLANG_ANALYZER_NUMBER_OBJECT_CONVERSION = YES_AGGRESSIVE;
				CLANG_CXX_LANGUAGE_STANDARD = "gnu++0x";
				CLANG_CXX_LIBRARY = "libc++";
				CLANG_ENABLE_MODULES = YES;
				CLANG_ENABLE_OBJC_ARC = YES;
				CLANG_WARN_BOOL_CONVERSION = YES;
				CLANG_WARN_CONSTANT_CONVERSION = YES;
				CLANG_WARN_DIRECT_OBJC_ISA_USAGE = YES_ERROR;
				CLANG_WARN_DOCUMENTATION_COMMENTS = YES;
				CLANG_WARN_EMPTY_BODY = YES;
				CLANG_WARN_ENUM_CONVERSION = YES;
				CLANG_WARN_INFINITE_RECURSION = YES;
				CLANG_WARN_INT_CONVERSION = YES;
				CLANG_WARN_OBJC_ROOT_CLASS = YES_ERROR;
				CLANG_WARN_SUSPICIOUS_MOVE = YES;
				CLANG_WARN_UNREACHABLE_CODE = YES;
				CLANG_WARN__DUPLICATE_METHOD_MATCH = YES;
				"CODE_SIGN_IDENTITY[sdk=iphoneos*]" = "iPhone Developer";
				COPY_PHASE_STRIP = NO;
				DEBUG_INFORMATION_FORMAT = "dwarf-with-dsym";
				ENABLE_NS_ASSERTIONS = NO;
				ENABLE_STRICT_OBJC_MSGSEND = YES;
				GCC_C_LANGUAGE_STANDARD = gnu99;
				GCC_NO_COMMON_BLOCKS = YES;
				GCC_WARN_64_TO_32_BIT_CONVERSION = YES;
				GCC_WARN_ABOUT_RETURN_TYPE = YES_ERROR;
				GCC_WARN_UNDECLARED_SELECTOR = YES;
				GCC_WARN_UNINITIALIZED_AUTOS = YES_AGGRESSIVE;
				GCC_WARN_UNUSED_FUNCTION = YES;
				GCC_WARN_UNUSED_VARIABLE = YES;
				IPHONEOS_DEPLOYMENT_TARGET = 10.3;
				MTL_ENABLE_DEBUG_INFO = NO;
				SDKROOT = iphoneos;
				SWIFT_OPTIMIZATION_LEVEL = "-Owholemodule";
				VALIDATE_PRODUCT = YES;
			};
			name = Release;
		};
		3D9E241D1F97C5E600BE146C /* Debug */ = {
			isa = XCBuildConfiguration;
			buildSettings = {
				ASSETCATALOG_COMPILER_APPICON_NAME = AppIcon;
				DEVELOPMENT_TEAM = 9529KY63CR;
				INFOPLIST_FILE = Apptcom/Info.plist;
				LD_RUNPATH_SEARCH_PATHS = "$(inherited) @executable_path/Frameworks";
				PRODUCT_BUNDLE_IDENTIFIER = dimo.hamdy.Apptcom;
				PRODUCT_NAME = "$(TARGET_NAME)";
				SWIFT_VERSION = 3.0;
			};
			name = Debug;
		};
		3D9E241E1F97C5E600BE146C /* Release */ = {
			isa = XCBuildConfiguration;
			buildSettings = {
				ASSETCATALOG_COMPILER_APPICON_NAME = AppIcon;
				DEVELOPMENT_TEAM = 9529KY63CR;
				INFOPLIST_FILE = Apptcom/Info.plist;
				LD_RUNPATH_SEARCH_PATHS = "$(inherited) @executable_path/Frameworks";
				PRODUCT_BUNDLE_IDENTIFIER = dimo.hamdy.Apptcom;
				PRODUCT_NAME = "$(TARGET_NAME)";
				SWIFT_VERSION = 3.0;
			};
			name = Release;
		};
		3D9E24201F97C5E600BE146C /* Debug */ = {
			isa = XCBuildConfiguration;
			buildSettings = {
				ALWAYS_EMBED_SWIFT_STANDARD_LIBRARIES = YES;
				BUNDLE_LOADER = "$(TEST_HOST)";
				DEVELOPMENT_TEAM = 9529KY63CR;
				INFOPLIST_FILE = ApptcomTests/Info.plist;
				LD_RUNPATH_SEARCH_PATHS = "$(inherited) @executable_path/Frameworks @loader_path/Frameworks";
				PRODUCT_BUNDLE_IDENTIFIER = dimo.hamdy.ApptcomTests;
				PRODUCT_NAME = "$(TARGET_NAME)";
				SWIFT_VERSION = 3.0;
				TEST_HOST = "$(BUILT_PRODUCTS_DIR)/Apptcom.app/Apptcom";
			};
			name = Debug;
		};
		3D9E24211F97C5E600BE146C /* Release */ = {
			isa = XCBuildConfiguration;
			buildSettings = {
				ALWAYS_EMBED_SWIFT_STANDARD_LIBRARIES = YES;
				BUNDLE_LOADER = "$(TEST_HOST)";
				DEVELOPMENT_TEAM = 9529KY63CR;
				INFOPLIST_FILE = ApptcomTests/Info.plist;
				LD_RUNPATH_SEARCH_PATHS = "$(inherited) @executable_path/Frameworks @loader_path/Frameworks";
				PRODUCT_BUNDLE_IDENTIFIER = dimo.hamdy.ApptcomTests;
				PRODUCT_NAME = "$(TARGET_NAME)";
				SWIFT_VERSION = 3.0;
				TEST_HOST = "$(BUILT_PRODUCTS_DIR)/Apptcom.app/Apptcom";
			};
			name = Release;
		};
/* End XCBuildConfiguration section */

/* Begin XCConfigurationList section */
		3D9E23FA1F97C5E600BE146C /* Build configuration list for PBXProject "Apptcom" */ = {
			isa = XCConfigurationList;
			buildConfigurations = (
				3D9E241A1F97C5E600BE146C /* Debug */,
				3D9E241B1F97C5E600BE146C /* Release */,
			);
			defaultConfigurationIsVisible = 0;
			defaultConfigurationName = Release;
		};
		3D9E241C1F97C5E600BE146C /* Build configuration list for PBXNativeTarget "Apptcom" */ = {
			isa = XCConfigurationList;
			buildConfigurations = (
				3D9E241D1F97C5E600BE146C /* Debug */,
				3D9E241E1F97C5E600BE146C /* Release */,
			);
			defaultConfigurationIsVisible = 0;
		};
		3D9E241F1F97C5E600BE146C /* Build configuration list for PBXNativeTarget "ApptcomTests" */ = {
			isa = XCConfigurationList;
			buildConfigurations = (
				3D9E24201F97C5E600BE146C /* Debug */,
				3D9E24211F97C5E600BE146C /* Release */,
			);
			defaultConfigurationIsVisible = 0;
		};
/* End XCConfigurationList section */
	};
	rootObject = 3D9E23F71F97C5E600BE146C /* Project object */;
}
